PODS:
  - OpenCVBridge (0.0.3)

DEPENDENCIES:
  - OpenCVBridge (from `../OpenCVBridge`)

EXTERNAL SOURCES:
  OpenCVBridge:
    :path: "../OpenCVBridge"

SPEC CHECKSUMS:
  OpenCVBridge: c12b6bfb0ffa65eaf40cc4226d71137262a7f769

PODFILE CHECKSUM: b0386c11565e65cda2e366069769f6cdce72331e

COCOAPODS: 1.9.3
