// !$*UTF8*$!
{
	archiveVersion = 1;
	classes = {
	};
	objectVersion = 52;
	objects = {

/* Begin PBXBuildFile section */
		DB34AE98246AE75A00C9D3CF /* AppDelegate.swift in Sources */ = {isa = PBXBuildFile; fileRef = DB34AE97246AE75A00C9D3CF /* AppDelegate.swift */; };
		DB34AE9A246AE75A00C9D3CF /* ContentView.swift in Sources */ = {isa = PBXBuildFile; fileRef = DB34AE99246AE75A00C9D3CF /* ContentView.swift */; };
		DB34AE9C246AE75D00C9D3CF /* Assets.xcassets in Resources */ = {isa = PBXBuildFile; fileRef = DB34AE9B246AE75D00C9D3CF /* Assets.xcassets */; };
		DB34AE9F246AE75D00C9D3CF /* Preview Assets.xcassets in Resources */ = {isa = PBXBuildFile; fileRef = DB34AE9E246AE75D00C9D3CF /* Preview Assets.xcassets */; };
		DB34AEA2246AE75D00C9D3CF /* Main.storyboard in Resources */ = {isa = PBXBuildFile; fileRef = DB34AEA0246AE75D00C9D3CF /* Main.storyboard */; };
		DB34AEB5246AF5A400C9D3CF /* CommonOSLogDynamic in Frameworks */ = {isa = PBXBuildFile; productRef = DB34AEB4246AF5A400C9D3CF /* CommonOSLogDynamic */; };
		DB34AEB6246AF5A400C9D3CF /* CommonOSLogDynamic in Embed Frameworks */ = {isa = PBXBuildFile; productRef = DB34AEB4246AF5A400C9D3CF /* CommonOSLogDynamic */; settings = {ATTRIBUTES = (CodeSignOnCopy, ); }; };
		DB34AEB9246AF9FE00C9D3CF /* ImageDropDelegate.swift in Sources */ = {isa = PBXBuildFile; fileRef = DB34AEB8246AF9FE00C9D3CF /* ImageDropDelegate.swift */; };
		DB34AEBB246B0B7B00C9D3CF /* UtilityView.swift in Sources */ = {isa = PBXBuildFile; fileRef = DB34AEBA246B0B7B00C9D3CF /* UtilityView.swift */; };
		DB34AEDC246E0D9900C9D3CF /* Store.swift in Sources */ = {isa = PBXBuildFile; fileRef = DB34AEDB246E0D9900C9D3CF /* Store.swift */; };
		DB372EE22471AB8900E24890 /* SwiftTesseract in Frameworks */ = {isa = PBXBuildFile; productRef = DB372EE12471AB8900E24890 /* SwiftTesseract */; };
		DB372F1E247358BE00E24890 /* libtesseract.4.dylib in Frameworks */ = {isa = PBXBuildFile; fileRef = DB372EDE2471A7D600E24890 /* libtesseract.4.dylib */; };
		DB372F1F247358BE00E24890 /* libtesseract.4.dylib in Embed Frameworks */ = {isa = PBXBuildFile; fileRef = DB372EDE2471A7D600E24890 /* libtesseract.4.dylib */; settings = {ATTRIBUTES = (CodeSignOnCopy, ); }; };
		DB372F20247358C700E24890 /* liblept.5.dylib in Frameworks */ = {isa = PBXBuildFile; fileRef = DB372EDB2471A7BF00E24890 /* liblept.5.dylib */; };
		DB372F21247358C700E24890 /* liblept.5.dylib in Embed Frameworks */ = {isa = PBXBuildFile; fileRef = DB372EDB2471A7BF00E24890 /* liblept.5.dylib */; settings = {ATTRIBUTES = (CodeSignOnCopy, ); }; };
		DB49110424757BF6004DAC55 /* libtiff.5.dylib in Frameworks */ = {isa = PBXBuildFile; fileRef = DB49110324757BF6004DAC55 /* libtiff.5.dylib */; };
		DB49110524757BF6004DAC55 /* libtiff.5.dylib in Embed Frameworks */ = {isa = PBXBuildFile; fileRef = DB49110324757BF6004DAC55 /* libtiff.5.dylib */; settings = {ATTRIBUTES = (CodeSignOnCopy, ); }; };
		DB49110724757C75004DAC55 /* libwebpmux.3.dylib in Frameworks */ = {isa = PBXBuildFile; fileRef = DB49110624757C75004DAC55 /* libwebpmux.3.dylib */; };
		DB49110824757C75004DAC55 /* libwebpmux.3.dylib in Embed Frameworks */ = {isa = PBXBuildFile; fileRef = DB49110624757C75004DAC55 /* libwebpmux.3.dylib */; settings = {ATTRIBUTES = (CodeSignOnCopy, ); }; };
		DB49110A24757D12004DAC55 /* libpng16.16.dylib in Frameworks */ = {isa = PBXBuildFile; fileRef = DB49110924757D12004DAC55 /* libpng16.16.dylib */; };
		DB49110B24757D12004DAC55 /* libpng16.16.dylib in Embed Frameworks */ = {isa = PBXBuildFile; fileRef = DB49110924757D12004DAC55 /* libpng16.16.dylib */; settings = {ATTRIBUTES = (CodeSignOnCopy, ); }; };
		DB49110D24757D3E004DAC55 /* libjpeg.9.dylib in Frameworks */ = {isa = PBXBuildFile; fileRef = DB49110C24757D3E004DAC55 /* libjpeg.9.dylib */; };
		DB49110E24757D3E004DAC55 /* libjpeg.9.dylib in Embed Frameworks */ = {isa = PBXBuildFile; fileRef = DB49110C24757D3E004DAC55 /* libjpeg.9.dylib */; settings = {ATTRIBUTES = (CodeSignOnCopy, ); }; };
		DB49111224757EF1004DAC55 /* libgif.7.2.0.dylib in Frameworks */ = {isa = PBXBuildFile; fileRef = DB49110F24757D5A004DAC55 /* libgif.7.2.0.dylib */; };
		DB49111324757EF1004DAC55 /* libgif.7.2.0.dylib in Embed Frameworks */ = {isa = PBXBuildFile; fileRef = DB49110F24757D5A004DAC55 /* libgif.7.2.0.dylib */; settings = {ATTRIBUTES = (CodeSignOnCopy, ); }; };
		DB491115247593A1004DAC55 /* libwebp.7.dylib in Frameworks */ = {isa = PBXBuildFile; fileRef = DB491114247593A1004DAC55 /* libwebp.7.dylib */; };
		DB491116247593A1004DAC55 /* libwebp.7.dylib in Embed Frameworks */ = {isa = PBXBuildFile; fileRef = DB491114247593A1004DAC55 /* libwebp.7.dylib */; settings = {ATTRIBUTES = (CodeSignOnCopy, ); }; };
		DB491118247593C0004DAC55 /* libopenjp2.2.3.1.dylib in Frameworks */ = {isa = PBXBuildFile; fileRef = DB491117247593C0004DAC55 /* libopenjp2.2.3.1.dylib */; };
		DB491119247593C0004DAC55 /* libopenjp2.2.3.1.dylib in Embed Frameworks */ = {isa = PBXBuildFile; fileRef = DB491117247593C0004DAC55 /* libopenjp2.2.3.1.dylib */; settings = {ATTRIBUTES = (CodeSignOnCopy, ); }; };
		DB710F75246F5E750061EF2C /* VisionService.swift in Sources */ = {isa = PBXBuildFile; fileRef = DB710F74246F5E750061EF2C /* VisionService.swift */; };
		DB710F7F246F614A0061EF2C /* ImageOverlayView.swift in Sources */ = {isa = PBXBuildFile; fileRef = DB710F7E246F614A0061EF2C /* ImageOverlayView.swift */; };
		DB710F81246FCB1A0061EF2C /* Font.swift in Sources */ = {isa = PBXBuildFile; fileRef = DB710F80246FCB1A0061EF2C /* Font.swift */; };
		DBF25DD32476D6310008300C /* Tessdata.bundle in CopyFiles */ = {isa = PBXBuildFile; fileRef = DBF25DC62476D5730008300C /* Tessdata.bundle */; settings = {ATTRIBUTES = (CodeSignOnCopy, RemoveHeadersOnCopy, ); }; };
		DBF25DD52476D6C10008300C /* Tessdata.swift in Sources */ = {isa = PBXBuildFile; fileRef = DBF25DD42476D6C10008300C /* Tessdata.swift */; };
		DBF25DD82476D7650008300C /* TesseractService.swift in Sources */ = {isa = PBXBuildFile; fileRef = DB49111A2476BF3A004DAC55 /* TesseractService.swift */; };
		DBF25DDA2476DC1D0008300C /* TesseractWordRecognizeResult.swift in Sources */ = {isa = PBXBuildFile; fileRef = DBF25DD92476DC1D0008300C /* TesseractWordRecognizeResult.swift */; };
		DBF25DE22478DAC20008300C /* best in Resources */ = {isa = PBXBuildFile; fileRef = DBF25DE12478DAC20008300C /* best */; };
		DBF25DE42478DAD40008300C /* fast in Resources */ = {isa = PBXBuildFile; fileRef = DBF25DE32478DAD40008300C /* fast */; };
/* End PBXBuildFile section */

/* Begin PBXContainerItemProxy section */
		DBF25DCF2476D5CA0008300C /* PBXContainerItemProxy */ = {
			isa = PBXContainerItemProxy;
			containerPortal = DB34AE8C246AE75A00C9D3CF /* Project object */;
			proxyType = 1;
			remoteGlobalIDString = DBF25DC52476D5730008300C;
			remoteInfo = Tessdata;
		};
/* End PBXContainerItemProxy section */

/* Begin PBXCopyFilesBuildPhase section */
		DB34AEB7246AF5A400C9D3CF /* Embed Frameworks */ = {
			isa = PBXCopyFilesBuildPhase;
			buildActionMask = 2147483647;
			dstPath = "";
			dstSubfolderSpec = 10;
			files = (
				DB49110524757BF6004DAC55 /* libtiff.5.dylib in Embed Frameworks */,
				DB491116247593A1004DAC55 /* libwebp.7.dylib in Embed Frameworks */,
				DB49110824757C75004DAC55 /* libwebpmux.3.dylib in Embed Frameworks */,
				DB491119247593C0004DAC55 /* libopenjp2.2.3.1.dylib in Embed Frameworks */,
				DB34AEB6246AF5A400C9D3CF /* CommonOSLogDynamic in Embed Frameworks */,
				DB49110E24757D3E004DAC55 /* libjpeg.9.dylib in Embed Frameworks */,
				DB49111324757EF1004DAC55 /* libgif.7.2.0.dylib in Embed Frameworks */,
				DB49110B24757D12004DAC55 /* libpng16.16.dylib in Embed Frameworks */,
				DB372F1F247358BE00E24890 /* libtesseract.4.dylib in Embed Frameworks */,
				DB372F21247358C700E24890 /* liblept.5.dylib in Embed Frameworks */,
			);
			name = "Embed Frameworks";
			runOnlyForDeploymentPostprocessing = 0;
		};
		DBF25DD22476D6220008300C /* CopyFiles */ = {
			isa = PBXCopyFilesBuildPhase;
			buildActionMask = 2147483647;
			dstPath = "";
			dstSubfolderSpec = 7;
			files = (
				DBF25DD32476D6310008300C /* Tessdata.bundle in CopyFiles */,
			);
			runOnlyForDeploymentPostprocessing = 0;
		};
/* End PBXCopyFilesBuildPhase section */

/* Begin PBXFileReference section */
		DB34AE94246AE75A00C9D3CF /* ImageReader.app */ = {isa = PBXFileReference; explicitFileType = wrapper.application; includeInIndex = 0; path = ImageReader.app; sourceTree = BUILT_PRODUCTS_DIR; };
		DB34AE97246AE75A00C9D3CF /* AppDelegate.swift */ = {isa = PBXFileReference; lastKnownFileType = sourcecode.swift; path = AppDelegate.swift; sourceTree = "<group>"; };
		DB34AE99246AE75A00C9D3CF /* ContentView.swift */ = {isa = PBXFileReference; lastKnownFileType = sourcecode.swift; path = ContentView.swift; sourceTree = "<group>"; };
		DB34AE9B246AE75D00C9D3CF /* Assets.xcassets */ = {isa = PBXFileReference; lastKnownFileType = folder.assetcatalog; path = Assets.xcassets; sourceTree = "<group>"; };
		DB34AE9E246AE75D00C9D3CF /* Preview Assets.xcassets */ = {isa = PBXFileReference; lastKnownFileType = folder.assetcatalog; path = "Preview Assets.xcassets"; sourceTree = "<group>"; };
		DB34AEA1246AE75D00C9D3CF /* Base */ = {isa = PBXFileReference; lastKnownFileType = file.storyboard; name = Base; path = Base.lproj/Main.storyboard; sourceTree = "<group>"; };
		DB34AEA3246AE75D00C9D3CF /* Info.plist */ = {isa = PBXFileReference; lastKnownFileType = text.plist.xml; path = Info.plist; sourceTree = "<group>"; };
		DB34AEA4246AE75D00C9D3CF /* ImageReader.entitlements */ = {isa = PBXFileReference; lastKnownFileType = text.plist.entitlements; path = ImageReader.entitlements; sourceTree = "<group>"; };
		DB34AEB8246AF9FE00C9D3CF /* ImageDropDelegate.swift */ = {isa = PBXFileReference; lastKnownFileType = sourcecode.swift; path = ImageDropDelegate.swift; sourceTree = "<group>"; };
		DB34AEBA246B0B7B00C9D3CF /* UtilityView.swift */ = {isa = PBXFileReference; lastKnownFileType = sourcecode.swift; path = UtilityView.swift; sourceTree = "<group>"; };
		DB34AEDB246E0D9900C9D3CF /* Store.swift */ = {isa = PBXFileReference; lastKnownFileType = sourcecode.swift; path = Store.swift; sourceTree = "<group>"; };
		DB372EDB2471A7BF00E24890 /* liblept.5.dylib */ = {isa = PBXFileReference; lastKnownFileType = "compiled.mach-o.dylib"; name = liblept.5.dylib; path = ../../../../usr/local/Cellar/leptonica/1.79.0/lib/liblept.5.dylib; sourceTree = "<group>"; };
		DB372EDE2471A7D600E24890 /* libtesseract.4.dylib */ = {isa = PBXFileReference; lastKnownFileType = "compiled.mach-o.dylib"; name = libtesseract.4.dylib; path = ../../../../usr/local/Cellar/tesseract/4.1.1/lib/libtesseract.4.dylib; sourceTree = "<group>"; };
		DB49110324757BF6004DAC55 /* libtiff.5.dylib */ = {isa = PBXFileReference; lastKnownFileType = "compiled.mach-o.dylib"; name = libtiff.5.dylib; path = ../../../../usr/local/Cellar/libtiff/4.1.0/lib/libtiff.5.dylib; sourceTree = "<group>"; };
		DB49110624757C75004DAC55 /* libwebpmux.3.dylib */ = {isa = PBXFileReference; lastKnownFileType = "compiled.mach-o.dylib"; name = libwebpmux.3.dylib; path = ../../../../usr/local/Cellar/webp/1.1.0/lib/libwebpmux.3.dylib; sourceTree = "<group>"; };
		DB49110924757D12004DAC55 /* libpng16.16.dylib */ = {isa = PBXFileReference; lastKnownFileType = "compiled.mach-o.dylib"; name = libpng16.16.dylib; path = ../../../../usr/local/Cellar/libpng/1.6.37/lib/libpng16.16.dylib; sourceTree = "<group>"; };
		DB49110C24757D3E004DAC55 /* libjpeg.9.dylib */ = {isa = PBXFileReference; lastKnownFileType = "compiled.mach-o.dylib"; name = libjpeg.9.dylib; path = ../../../../usr/local/Cellar/jpeg/9d/lib/libjpeg.9.dylib; sourceTree = "<group>"; };
		DB49110F24757D5A004DAC55 /* libgif.7.2.0.dylib */ = {isa = PBXFileReference; lastKnownFileType = "compiled.mach-o.dylib"; name = libgif.7.2.0.dylib; path = ../../../../usr/local/Cellar/giflib/5.2.1/lib/libgif.7.2.0.dylib; sourceTree = "<group>"; };
		DB491114247593A1004DAC55 /* libwebp.7.dylib */ = {isa = PBXFileReference; lastKnownFileType = "compiled.mach-o.dylib"; name = libwebp.7.dylib; path = ../../../../usr/local/Cellar/webp/1.1.0/lib/libwebp.7.dylib; sourceTree = "<group>"; };
		DB491117247593C0004DAC55 /* libopenjp2.2.3.1.dylib */ = {isa = PBXFileReference; lastKnownFileType = "compiled.mach-o.dylib"; name = libopenjp2.2.3.1.dylib; path = ../../../../usr/local/Cellar/openjpeg/2.3.1/lib/libopenjp2.2.3.1.dylib; sourceTree = "<group>"; };
		DB49111A2476BF3A004DAC55 /* TesseractService.swift */ = {isa = PBXFileReference; lastKnownFileType = sourcecode.swift; path = TesseractService.swift; sourceTree = "<group>"; };
		DB507EE32470B743007B555F /* SwiftTesseract */ = {isa = PBXFileReference; lastKnownFileType = folder; name = SwiftTesseract; path = ../SwiftTesseract; sourceTree = "<group>"; };
		DB710F74246F5E750061EF2C /* VisionService.swift */ = {isa = PBXFileReference; lastKnownFileType = sourcecode.swift; path = VisionService.swift; sourceTree = "<group>"; };
		DB710F7E246F614A0061EF2C /* ImageOverlayView.swift */ = {isa = PBXFileReference; lastKnownFileType = sourcecode.swift; path = ImageOverlayView.swift; sourceTree = "<group>"; };
		DB710F80246FCB1A0061EF2C /* Font.swift */ = {isa = PBXFileReference; lastKnownFileType = sourcecode.swift; path = Font.swift; sourceTree = "<group>"; };
		DBF25DC62476D5730008300C /* Tessdata.bundle */ = {isa = PBXFileReference; explicitFileType = wrapper.cfbundle; includeInIndex = 0; path = Tessdata.bundle; sourceTree = BUILT_PRODUCTS_DIR; };
		DBF25DC82476D5730008300C /* Info.plist */ = {isa = PBXFileReference; lastKnownFileType = text.plist.xml; path = Info.plist; sourceTree = "<group>"; };
		DBF25DD42476D6C10008300C /* Tessdata.swift */ = {isa = PBXFileReference; lastKnownFileType = sourcecode.swift; path = Tessdata.swift; sourceTree = "<group>"; };
		DBF25DD92476DC1D0008300C /* TesseractWordRecognizeResult.swift */ = {isa = PBXFileReference; lastKnownFileType = sourcecode.swift; path = TesseractWordRecognizeResult.swift; sourceTree = "<group>"; };
		DBF25DE12478DAC20008300C /* best */ = {isa = PBXFileReference; lastKnownFileType = folder; path = best; sourceTree = "<group>"; };
		DBF25DE32478DAD40008300C /* fast */ = {isa = PBXFileReference; lastKnownFileType = folder; path = fast; sourceTree = "<group>"; };
/* End PBXFileReference section */

/* Begin PBXFrameworksBuildPhase section */
		DB34AE91246AE75A00C9D3CF /* Frameworks */ = {
			isa = PBXFrameworksBuildPhase;
			buildActionMask = 2147483647;
			files = (
				DB372F20247358C700E24890 /* liblept.5.dylib in Frameworks */,
				DB372F1E247358BE00E24890 /* libtesseract.4.dylib in Frameworks */,
				DB491118247593C0004DAC55 /* libopenjp2.2.3.1.dylib in Frameworks */,
				DB49110A24757D12004DAC55 /* libpng16.16.dylib in Frameworks */,
				DB49110424757BF6004DAC55 /* libtiff.5.dylib in Frameworks */,
				DB49111224757EF1004DAC55 /* libgif.7.2.0.dylib in Frameworks */,
				DB491115247593A1004DAC55 /* libwebp.7.dylib in Frameworks */,
				DB34AEB5246AF5A400C9D3CF /* CommonOSLogDynamic in Frameworks */,
				DB49110D24757D3E004DAC55 /* libjpeg.9.dylib in Frameworks */,
				DB49110724757C75004DAC55 /* libwebpmux.3.dylib in Frameworks */,
				DB372EE22471AB8900E24890 /* SwiftTesseract in Frameworks */,
			);
			runOnlyForDeploymentPostprocessing = 0;
		};
		DBF25DC32476D5730008300C /* Frameworks */ = {
			isa = PBXFrameworksBuildPhase;
			buildActionMask = 2147483647;
			files = (
			);
			runOnlyForDeploymentPostprocessing = 0;
		};
/* End PBXFrameworksBuildPhase section */

/* Begin PBXGroup section */
		DB34AE8B246AE75A00C9D3CF = {
			isa = PBXGroup;
			children = (
				DB507EE32470B743007B555F /* SwiftTesseract */,
				DB34AE96246AE75A00C9D3CF /* ImageReader */,
				DBF25DC72476D5730008300C /* Tessdata */,
				DB34AE95246AE75A00C9D3CF /* Products */,
				DB34AEB3246AF5A400C9D3CF /* Frameworks */,
			);
			sourceTree = "<group>";
		};
		DB34AE95246AE75A00C9D3CF /* Products */ = {
			isa = PBXGroup;
			children = (
				DB34AE94246AE75A00C9D3CF /* ImageReader.app */,
				DBF25DC62476D5730008300C /* Tessdata.bundle */,
			);
			name = Products;
			sourceTree = "<group>";
		};
		DB34AE96246AE75A00C9D3CF /* ImageReader */ = {
			isa = PBXGroup;
			children = (
				DB34AEA3246AE75D00C9D3CF /* Info.plist */,
				DB34AEA4246AE75D00C9D3CF /* ImageReader.entitlements */,
				DB710F7D246F61370061EF2C /* Model */,
				DB710F76246F5E780061EF2C /* Service */,
				DB710F7A246F611A0061EF2C /* Scene */,
				DB34AE9D246AE75D00C9D3CF /* Preview Content */,
				DB710F77246F5EBE0061EF2C /* Supporting Files */,
			);
			path = ImageReader;
			sourceTree = "<group>";
		};
		DB34AE9D246AE75D00C9D3CF /* Preview Content */ = {
			isa = PBXGroup;
			children = (
				DB34AE9E246AE75D00C9D3CF /* Preview Assets.xcassets */,
			);
			path = "Preview Content";
			sourceTree = "<group>";
		};
		DB34AEB3246AF5A400C9D3CF /* Frameworks */ = {
			isa = PBXGroup;
			children = (
				DB491117247593C0004DAC55 /* libopenjp2.2.3.1.dylib */,
				DB491114247593A1004DAC55 /* libwebp.7.dylib */,
				DB49110F24757D5A004DAC55 /* libgif.7.2.0.dylib */,
				DB49110C24757D3E004DAC55 /* libjpeg.9.dylib */,
				DB49110924757D12004DAC55 /* libpng16.16.dylib */,
				DB49110624757C75004DAC55 /* libwebpmux.3.dylib */,
				DB49110324757BF6004DAC55 /* libtiff.5.dylib */,
				DB372EDE2471A7D600E24890 /* libtesseract.4.dylib */,
				DB372EDB2471A7BF00E24890 /* liblept.5.dylib */,
			);
			name = Frameworks;
			sourceTree = "<group>";
		};
		DB710F76246F5E780061EF2C /* Service */ = {
			isa = PBXGroup;
			children = (
				DB710F74246F5E750061EF2C /* VisionService.swift */,
				DB49111A2476BF3A004DAC55 /* TesseractService.swift */,
			);
			path = Service;
			sourceTree = "<group>";
		};
		DB710F77246F5EBE0061EF2C /* Supporting Files */ = {
			isa = PBXGroup;
			children = (
				DB34AE97246AE75A00C9D3CF /* AppDelegate.swift */,
				DB34AE9B246AE75D00C9D3CF /* Assets.xcassets */,
				DB34AEA0246AE75D00C9D3CF /* Main.storyboard */,
			);
			path = "Supporting Files";
			sourceTree = "<group>";
		};
		DB710F7A246F611A0061EF2C /* Scene */ = {
			isa = PBXGroup;
			children = (
				DB710F7B246F61230061EF2C /* Content */,
				DB710F7C246F612D0061EF2C /* Utility */,
			);
			path = Scene;
			sourceTree = "<group>";
		};
		DB710F7B246F61230061EF2C /* Content */ = {
			isa = PBXGroup;
			children = (
				DB34AE99246AE75A00C9D3CF /* ContentView.swift */,
				DB710F7E246F614A0061EF2C /* ImageOverlayView.swift */,
				DB34AEB8246AF9FE00C9D3CF /* ImageDropDelegate.swift */,
			);
			path = Content;
			sourceTree = "<group>";
		};
		DB710F7C246F612D0061EF2C /* Utility */ = {
			isa = PBXGroup;
			children = (
				DB34AEBA246B0B7B00C9D3CF /* UtilityView.swift */,
				DB710F80246FCB1A0061EF2C /* Font.swift */,
			);
			path = Utility;
			sourceTree = "<group>";
		};
		DB710F7D246F61370061EF2C /* Model */ = {
			isa = PBXGroup;
			children = (
				DB34AEDB246E0D9900C9D3CF /* Store.swift */,
				DBF25DD92476DC1D0008300C /* TesseractWordRecognizeResult.swift */,
			);
			path = Model;
			sourceTree = "<group>";
		};
		DBF25DC72476D5730008300C /* Tessdata */ = {
			isa = PBXGroup;
			children = (
				DBF25DE32478DAD40008300C /* fast */,
				DBF25DE12478DAC20008300C /* best */,
				DBF25DC82476D5730008300C /* Info.plist */,
				DBF25DD42476D6C10008300C /* Tessdata.swift */,
			);
			path = Tessdata;
			sourceTree = "<group>";
		};
/* End PBXGroup section */

/* Begin PBXNativeTarget section */
		DB34AE93246AE75A00C9D3CF /* ImageReader */ = {
			isa = PBXNativeTarget;
			buildConfigurationList = DB34AEA7246AE75D00C9D3CF /* Build configuration list for PBXNativeTarget "ImageReader" */;
			buildPhases = (
				DB34AE90246AE75A00C9D3CF /* Sources */,
				DB34AE91246AE75A00C9D3CF /* Frameworks */,
				DB34AE92246AE75A00C9D3CF /* Resources */,
				DB34AEB7246AF5A400C9D3CF /* Embed Frameworks */,
				DB372F132472005D00E24890 /* ShellScript */,
				DBF25DD22476D6220008300C /* CopyFiles */,
			);
			buildRules = (
			);
			dependencies = (
				DBF25DD02476D5CA0008300C /* PBXTargetDependency */,
			);
			name = ImageReader;
			packageProductDependencies = (
				DB34AEB4246AF5A400C9D3CF /* CommonOSLogDynamic */,
				DB372EE12471AB8900E24890 /* SwiftTesseract */,
			);
			productName = ImageReader;
			productReference = DB34AE94246AE75A00C9D3CF /* ImageReader.app */;
			productType = "com.apple.product-type.application";
		};
		DBF25DC52476D5730008300C /* Tessdata */ = {
			isa = PBXNativeTarget;
			buildConfigurationList = DBF25DCC2476D5730008300C /* Build configuration list for PBXNativeTarget "Tessdata" */;
			buildPhases = (
				DBF25DC22476D5730008300C /* Sources */,
				DBF25DC32476D5730008300C /* Frameworks */,
				DBF25DC42476D5730008300C /* Resources */,
			);
			buildRules = (
			);
			dependencies = (
			);
			name = Tessdata;
			productName = Tessdata;
			productReference = DBF25DC62476D5730008300C /* Tessdata.bundle */;
			productType = "com.apple.product-type.bundle";
		};
/* End PBXNativeTarget section */

/* Begin PBXProject section */
		DB34AE8C246AE75A00C9D3CF /* Project object */ = {
			isa = PBXProject;
			attributes = {
				LastSwiftUpdateCheck = 1140;
				LastUpgradeCheck = 1140;
				ORGANIZATIONNAME = MainasuK;
				TargetAttributes = {
					DB34AE93246AE75A00C9D3CF = {
						CreatedOnToolsVersion = 11.4.1;
					};
					DBF25DC52476D5730008300C = {
						CreatedOnToolsVersion = 11.5;
						LastSwiftMigration = 1150;
					};
				};
			};
			buildConfigurationList = DB34AE8F246AE75A00C9D3CF /* Build configuration list for PBXProject "ImageReader" */;
			compatibilityVersion = "Xcode 9.3";
			developmentRegion = en;
			hasScannedForEncodings = 0;
			knownRegions = (
				en,
				Base,
			);
			mainGroup = DB34AE8B246AE75A00C9D3CF;
			packageReferences = (
				DB34AEAA246AF18500C9D3CF /* XCRemoteSwiftPackageReference "CommonOSLog" */,
				DB372ED124719C0C00E24890 /* XCRemoteSwiftPackageReference "SwiftTesseract" */,
			);
			productRefGroup = DB34AE95246AE75A00C9D3CF /* Products */;
			projectDirPath = "";
			projectRoot = "";
			targets = (
				DB34AE93246AE75A00C9D3CF /* ImageReader */,
				DBF25DC52476D5730008300C /* Tessdata */,
			);
		};
/* End PBXProject section */

/* Begin PBXResourcesBuildPhase section */
		DB34AE92246AE75A00C9D3CF /* Resources */ = {
			isa = PBXResourcesBuildPhase;
			buildActionMask = 2147483647;
			files = (
				DB34AEA2246AE75D00C9D3CF /* Main.storyboard in Resources */,
				DB34AE9F246AE75D00C9D3CF /* Preview Assets.xcassets in Resources */,
				DB34AE9C246AE75D00C9D3CF /* Assets.xcassets in Resources */,
			);
			runOnlyForDeploymentPostprocessing = 0;
		};
		DBF25DC42476D5730008300C /* Resources */ = {
			isa = PBXResourcesBuildPhase;
			buildActionMask = 2147483647;
			files = (
				DBF25DE42478DAD40008300C /* fast in Resources */,
				DBF25DE22478DAC20008300C /* best in Resources */,
			);
			runOnlyForDeploymentPostprocessing = 0;
		};
/* End PBXResourcesBuildPhase section */

/* Begin PBXShellScriptBuildPhase section */
		DB372F132472005D00E24890 /* ShellScript */ = {
			isa = PBXShellScriptBuildPhase;
			buildActionMask = 2147483647;
			files = (
			);
			inputFileListPaths = (
			);
			inputPaths = (
			);
			outputFileListPaths = (
			);
			outputPaths = (
			);
			runOnlyForDeploymentPostprocessing = 0;
			shellPath = /bin/sh;
			shellScript = "set -ex\nswift ./Scripts/link.swift\n";
		};
/* End PBXShellScriptBuildPhase section */

/* Begin PBXSourcesBuildPhase section */
		DB34AE90246AE75A00C9D3CF /* Sources */ = {
			isa = PBXSourcesBuildPhase;
			buildActionMask = 2147483647;
			files = (
				DB34AEDC246E0D9900C9D3CF /* Store.swift in Sources */,
				DB710F7F246F614A0061EF2C /* ImageOverlayView.swift in Sources */,
				DB710F75246F5E750061EF2C /* VisionService.swift in Sources */,
				DB34AE9A246AE75A00C9D3CF /* ContentView.swift in Sources */,
				DBF25DDA2476DC1D0008300C /* TesseractWordRecognizeResult.swift in Sources */,
				DBF25DD82476D7650008300C /* TesseractService.swift in Sources */,
				DB710F81246FCB1A0061EF2C /* Font.swift in Sources */,
				DB34AE98246AE75A00C9D3CF /* AppDelegate.swift in Sources */,
				DB34AEB9246AF9FE00C9D3CF /* ImageDropDelegate.swift in Sources */,
				DB34AEBB246B0B7B00C9D3CF /* UtilityView.swift in Sources */,
			);
			runOnlyForDeploymentPostprocessing = 0;
		};
		DBF25DC22476D5730008300C /* Sources */ = {
			isa = PBXSourcesBuildPhase;
			buildActionMask = 2147483647;
			files = (
				DBF25DD52476D6C10008300C /* Tessdata.swift in Sources */,
			);
			runOnlyForDeploymentPostprocessing = 0;
		};
/* End PBXSourcesBuildPhase section */

/* Begin PBXTargetDependency section */
		DBF25DD02476D5CA0008300C /* PBXTargetDependency */ = {
			isa = PBXTargetDependency;
			target = DBF25DC52476D5730008300C /* Tessdata */;
			targetProxy = DBF25DCF2476D5CA0008300C /* PBXContainerItemProxy */;
		};
/* End PBXTargetDependency section */

/* Begin PBXVariantGroup section */
		DB34AEA0246AE75D00C9D3CF /* Main.storyboard */ = {
			isa = PBXVariantGroup;
			children = (
				DB34AEA1246AE75D00C9D3CF /* Base */,
			);
			name = Main.storyboard;
			sourceTree = "<group>";
		};
/* End PBXVariantGroup section */

/* Begin XCBuildConfiguration section */
		DB34AEA5246AE75D00C9D3CF /* Debug */ = {
			isa = XCBuildConfiguration;
			buildSettings = {
				ALWAYS_SEARCH_USER_PATHS = NO;
				CLANG_ANALYZER_NONNULL = YES;
				CLANG_ANALYZER_NUMBER_OBJECT_CONVERSION = YES_AGGRESSIVE;
				CLANG_CXX_LANGUAGE_STANDARD = "gnu++14";
				CLANG_CXX_LIBRARY = "libc++";
				CLANG_ENABLE_MODULES = YES;
				CLANG_ENABLE_OBJC_ARC = YES;
				CLANG_ENABLE_OBJC_WEAK = YES;
				CLANG_WARN_BLOCK_CAPTURE_AUTORELEASING = YES;
				CLANG_WARN_BOOL_CONVERSION = YES;
				CLANG_WARN_COMMA = YES;
				CLANG_WARN_CONSTANT_CONVERSION = YES;
				CLANG_WARN_DEPRECATED_OBJC_IMPLEMENTATIONS = YES;
				CLANG_WARN_DIRECT_OBJC_ISA_USAGE = YES_ERROR;
				CLANG_WARN_DOCUMENTATION_COMMENTS = YES;
				CLANG_WARN_EMPTY_BODY = YES;
				CLANG_WARN_ENUM_CONVERSION = YES;
				CLANG_WARN_INFINITE_RECURSION = YES;
				CLANG_WARN_INT_CONVERSION = YES;
				CLANG_WARN_NON_LITERAL_NULL_CONVERSION = YES;
				CLANG_WARN_OBJC_IMPLICIT_RETAIN_SELF = YES;
				CLANG_WARN_OBJC_LITERAL_CONVERSION = YES;
				CLANG_WARN_OBJC_ROOT_CLASS = YES_ERROR;
				CLANG_WARN_RANGE_LOOP_ANALYSIS = YES;
				CLANG_WARN_STRICT_PROTOTYPES = YES;
				CLANG_WARN_SUSPICIOUS_MOVE = YES;
				CLANG_WARN_UNGUARDED_AVAILABILITY = YES_AGGRESSIVE;
				CLANG_WARN_UNREACHABLE_CODE = YES;
				CLANG_WARN__DUPLICATE_METHOD_MATCH = YES;
				COPY_PHASE_STRIP = NO;
				DEBUG_INFORMATION_FORMAT = dwarf;
				ENABLE_STRICT_OBJC_MSGSEND = YES;
				ENABLE_TESTABILITY = YES;
				GCC_C_LANGUAGE_STANDARD = gnu11;
				GCC_DYNAMIC_NO_PIC = NO;
				GCC_NO_COMMON_BLOCKS = YES;
				GCC_OPTIMIZATION_LEVEL = 0;
				GCC_PREPROCESSOR_DEFINITIONS = (
					"DEBUG=1",
					"$(inherited)",
				);
				GCC_WARN_64_TO_32_BIT_CONVERSION = YES;
				GCC_WARN_ABOUT_RETURN_TYPE = YES_ERROR;
				GCC_WARN_UNDECLARED_SELECTOR = YES;
				GCC_WARN_UNINITIALIZED_AUTOS = YES_AGGRESSIVE;
				GCC_WARN_UNUSED_FUNCTION = YES;
				GCC_WARN_UNUSED_VARIABLE = YES;
				MACOSX_DEPLOYMENT_TARGET = 10.15;
				MTL_ENABLE_DEBUG_INFO = INCLUDE_SOURCE;
				MTL_FAST_MATH = YES;
				ONLY_ACTIVE_ARCH = YES;
				SDKROOT = macosx;
				SWIFT_ACTIVE_COMPILATION_CONDITIONS = DEBUG;
				SWIFT_OPTIMIZATION_LEVEL = "-Onone";
			};
			name = Debug;
		};
		DB34AEA6246AE75D00C9D3CF /* Release */ = {
			isa = XCBuildConfiguration;
			buildSettings = {
				ALWAYS_SEARCH_USER_PATHS = NO;
				CLANG_ANALYZER_NONNULL = YES;
				CLANG_ANALYZER_NUMBER_OBJECT_CONVERSION = YES_AGGRESSIVE;
				CLANG_CXX_LANGUAGE_STANDARD = "gnu++14";
				CLANG_CXX_LIBRARY = "libc++";
				CLANG_ENABLE_MODULES = YES;
				CLANG_ENABLE_OBJC_ARC = YES;
				CLANG_ENABLE_OBJC_WEAK = YES;
				CLANG_WARN_BLOCK_CAPTURE_AUTORELEASING = YES;
				CLANG_WARN_BOOL_CONVERSION = YES;
				CLANG_WARN_COMMA = YES;
				CLANG_WARN_CONSTANT_CONVERSION = YES;
				CLANG_WARN_DEPRECATED_OBJC_IMPLEMENTATIONS = YES;
				CLANG_WARN_DIRECT_OBJC_ISA_USAGE = YES_ERROR;
				CLANG_WARN_DOCUMENTATION_COMMENTS = YES;
				CLANG_WARN_EMPTY_BODY = YES;
				CLANG_WARN_ENUM_CONVERSION = YES;
				CLANG_WARN_INFINITE_RECURSION = YES;
				CLANG_WARN_INT_CONVERSION = YES;
				CLANG_WARN_NON_LITERAL_NULL_CONVERSION = YES;
				CLANG_WARN_OBJC_IMPLICIT_RETAIN_SELF = YES;
				CLANG_WARN_OBJC_LITERAL_CONVERSION = YES;
				CLANG_WARN_OBJC_ROOT_CLASS = YES_ERROR;
				CLANG_WARN_RANGE_LOOP_ANALYSIS = YES;
				CLANG_WARN_STRICT_PROTOTYPES = YES;
				CLANG_WARN_SUSPICIOUS_MOVE = YES;
				CLANG_WARN_UNGUARDED_AVAILABILITY = YES_AGGRESSIVE;
				CLANG_WARN_UNREACHABLE_CODE = YES;
				CLANG_WARN__DUPLICATE_METHOD_MATCH = YES;
				COPY_PHASE_STRIP = NO;
				DEBUG_INFORMATION_FORMAT = "dwarf-with-dsym";
				ENABLE_NS_ASSERTIONS = NO;
				ENABLE_STRICT_OBJC_MSGSEND = YES;
				GCC_C_LANGUAGE_STANDARD = gnu11;
				GCC_NO_COMMON_BLOCKS = YES;
				GCC_WARN_64_TO_32_BIT_CONVERSION = YES;
				GCC_WARN_ABOUT_RETURN_TYPE = YES_ERROR;
				GCC_WARN_UNDECLARED_SELECTOR = YES;
				GCC_WARN_UNINITIALIZED_AUTOS = YES_AGGRESSIVE;
				GCC_WARN_UNUSED_FUNCTION = YES;
				GCC_WARN_UNUSED_VARIABLE = YES;
				MACOSX_DEPLOYMENT_TARGET = 10.15;
				MTL_ENABLE_DEBUG_INFO = NO;
				MTL_FAST_MATH = YES;
				SDKROOT = macosx;
				SWIFT_COMPILATION_MODE = wholemodule;
				SWIFT_OPTIMIZATION_LEVEL = "-O";
			};
			name = Release;
		};
		DB34AEA8246AE75D00C9D3CF /* Debug */ = {
			isa = XCBuildConfiguration;
			buildSettings = {
				ALWAYS_EMBED_SWIFT_STANDARD_LIBRARIES = YES;
				ASSETCATALOG_COMPILER_APPICON_NAME = AppIcon;
				CODE_SIGN_ENTITLEMENTS = ImageReader/ImageReader.entitlements;
				CODE_SIGN_IDENTITY = "Apple Development";
				CODE_SIGN_STYLE = Automatic;
				COMBINE_HIDPI_IMAGES = YES;
				DEVELOPMENT_ASSET_PATHS = "\"ImageReader/Preview Content\"";
				DEVELOPMENT_TEAM = A8K92XFF77;
				ENABLE_HARDENED_RUNTIME = YES;
				ENABLE_PREVIEWS = YES;
				INFOPLIST_FILE = ImageReader/Info.plist;
				LD_RUNPATH_SEARCH_PATHS = (
					"$(inherited)",
					"@executable_path/../Frameworks",
				);
				LIBRARY_SEARCH_PATHS = (
					"$(inherited)",
					/usr/local/Cellar/tesseract/4.1.1/lib,
					/usr/local/Cellar/leptonica/1.79.0/lib,
					/usr/local/Cellar/libtiff/4.1.0/lib,
					/usr/local/Cellar/webp/1.1.0/lib,
					/usr/local/Cellar/libpng/1.6.37/lib,
					/usr/local/Cellar/jpeg/9d/lib,
					/usr/local/Cellar/giflib/5.2.1/lib,
					/usr/local/Cellar/openjpeg/2.3.1/lib,
				);
				MACOSX_DEPLOYMENT_TARGET = 10.15;
				MARKETING_VERSION = 1.0.0;
				PRODUCT_BUNDLE_IDENTIFIER = com.mainasuk.ImageReader;
				PRODUCT_NAME = "$(TARGET_NAME)";
				SWIFT_VERSION = 5.0;
			};
			name = Debug;
		};
		DB34AEA9246AE75D00C9D3CF /* Release */ = {
			isa = XCBuildConfiguration;
			buildSettings = {
				ALWAYS_EMBED_SWIFT_STANDARD_LIBRARIES = YES;
				ASSETCATALOG_COMPILER_APPICON_NAME = AppIcon;
				CODE_SIGN_ENTITLEMENTS = ImageReader/ImageReader.entitlements;
				CODE_SIGN_IDENTITY = "Apple Development";
				CODE_SIGN_STYLE = Automatic;
				COMBINE_HIDPI_IMAGES = YES;
				DEVELOPMENT_ASSET_PATHS = "\"ImageReader/Preview Content\"";
				DEVELOPMENT_TEAM = A8K92XFF77;
				ENABLE_HARDENED_RUNTIME = YES;
				ENABLE_PREVIEWS = YES;
				INFOPLIST_FILE = ImageReader/Info.plist;
				LD_RUNPATH_SEARCH_PATHS = (
					"$(inherited)",
					"@executable_path/../Frameworks",
				);
				LIBRARY_SEARCH_PATHS = (
					"$(inherited)",
					/usr/local/Cellar/tesseract/4.1.1/lib,
					/usr/local/Cellar/leptonica/1.79.0/lib,
					/usr/local/Cellar/libtiff/4.1.0/lib,
					/usr/local/Cellar/webp/1.1.0/lib,
					/usr/local/Cellar/libpng/1.6.37/lib,
					/usr/local/Cellar/jpeg/9d/lib,
					/usr/local/Cellar/giflib/5.2.1/lib,
					/usr/local/Cellar/openjpeg/2.3.1/lib,
				);
				MACOSX_DEPLOYMENT_TARGET = 10.15;
				MARKETING_VERSION = 1.0.0;
				PRODUCT_BUNDLE_IDENTIFIER = com.mainasuk.ImageReader;
				PRODUCT_NAME = "$(TARGET_NAME)";
				SWIFT_VERSION = 5.0;
			};
			name = Release;
		};
		DB710F78246F5F950061EF2C /* Preview */ = {
			isa = XCBuildConfiguration;
			buildSettings = {
				ALWAYS_SEARCH_USER_PATHS = NO;
				CLANG_ANALYZER_NONNULL = YES;
				CLANG_ANALYZER_NUMBER_OBJECT_CONVERSION = YES_AGGRESSIVE;
				CLANG_CXX_LANGUAGE_STANDARD = "gnu++14";
				CLANG_CXX_LIBRARY = "libc++";
				CLANG_ENABLE_MODULES = YES;
				CLANG_ENABLE_OBJC_ARC = YES;
				CLANG_ENABLE_OBJC_WEAK = YES;
				CLANG_WARN_BLOCK_CAPTURE_AUTORELEASING = YES;
				CLANG_WARN_BOOL_CONVERSION = YES;
				CLANG_WARN_COMMA = YES;
				CLANG_WARN_CONSTANT_CONVERSION = YES;
				CLANG_WARN_DEPRECATED_OBJC_IMPLEMENTATIONS = YES;
				CLANG_WARN_DIRECT_OBJC_ISA_USAGE = YES_ERROR;
				CLANG_WARN_DOCUMENTATION_COMMENTS = YES;
				CLANG_WARN_EMPTY_BODY = YES;
				CLANG_WARN_ENUM_CONVERSION = YES;
				CLANG_WARN_INFINITE_RECURSION = YES;
				CLANG_WARN_INT_CONVERSION = YES;
				CLANG_WARN_NON_LITERAL_NULL_CONVERSION = YES;
				CLANG_WARN_OBJC_IMPLICIT_RETAIN_SELF = YES;
				CLANG_WARN_OBJC_LITERAL_CONVERSION = YES;
				CLANG_WARN_OBJC_ROOT_CLASS = YES_ERROR;
				CLANG_WARN_RANGE_LOOP_ANALYSIS = YES;
				CLANG_WARN_STRICT_PROTOTYPES = YES;
				CLANG_WARN_SUSPICIOUS_MOVE = YES;
				CLANG_WARN_UNGUARDED_AVAILABILITY = YES_AGGRESSIVE;
				CLANG_WARN_UNREACHABLE_CODE = YES;
				CLANG_WARN__DUPLICATE_METHOD_MATCH = YES;
				COPY_PHASE_STRIP = NO;
				DEBUG_INFORMATION_FORMAT = dwarf;
				ENABLE_STRICT_OBJC_MSGSEND = YES;
				ENABLE_TESTABILITY = YES;
				GCC_C_LANGUAGE_STANDARD = gnu11;
				GCC_DYNAMIC_NO_PIC = NO;
				GCC_NO_COMMON_BLOCKS = YES;
				GCC_OPTIMIZATION_LEVEL = 0;
				GCC_PREPROCESSOR_DEFINITIONS = (
					"DEBUG=1",
					"$(inherited)",
				);
				GCC_WARN_64_TO_32_BIT_CONVERSION = YES;
				GCC_WARN_ABOUT_RETURN_TYPE = YES_ERROR;
				GCC_WARN_UNDECLARED_SELECTOR = YES;
				GCC_WARN_UNINITIALIZED_AUTOS = YES_AGGRESSIVE;
				GCC_WARN_UNUSED_FUNCTION = YES;
				GCC_WARN_UNUSED_VARIABLE = YES;
				MACOSX_DEPLOYMENT_TARGET = 10.15;
				MTL_ENABLE_DEBUG_INFO = INCLUDE_SOURCE;
				MTL_FAST_MATH = YES;
				ONLY_ACTIVE_ARCH = YES;
				SDKROOT = macosx;
				SWIFT_ACTIVE_COMPILATION_CONDITIONS = "DEBUG PREVIEW";
				SWIFT_OPTIMIZATION_LEVEL = "-Onone";
			};
			name = Preview;
		};
		DB710F79246F5F950061EF2C /* Preview */ = {
			isa = XCBuildConfiguration;
			buildSettings = {
				ALWAYS_EMBED_SWIFT_STANDARD_LIBRARIES = YES;
				ASSETCATALOG_COMPILER_APPICON_NAME = AppIcon;
				CODE_SIGN_ENTITLEMENTS = ImageReader/ImageReader.entitlements;
				CODE_SIGN_IDENTITY = "Apple Development";
				CODE_SIGN_STYLE = Automatic;
				COMBINE_HIDPI_IMAGES = YES;
				DEVELOPMENT_ASSET_PATHS = "\"ImageReader/Preview Content\"";
				DEVELOPMENT_TEAM = A8K92XFF77;
				ENABLE_HARDENED_RUNTIME = YES;
				ENABLE_PREVIEWS = YES;
				INFOPLIST_FILE = ImageReader/Info.plist;
				LD_RUNPATH_SEARCH_PATHS = (
					"$(inherited)",
					"@executable_path/../Frameworks",
				);
				LIBRARY_SEARCH_PATHS = (
					"$(inherited)",
					/usr/local/Cellar/tesseract/4.1.1/lib,
					/usr/local/Cellar/leptonica/1.79.0/lib,
					/usr/local/Cellar/libtiff/4.1.0/lib,
					/usr/local/Cellar/webp/1.1.0/lib,
					/usr/local/Cellar/libpng/1.6.37/lib,
					/usr/local/Cellar/jpeg/9d/lib,
					/usr/local/Cellar/giflib/5.2.1/lib,
					/usr/local/Cellar/openjpeg/2.3.1/lib,
				);
				MACOSX_DEPLOYMENT_TARGET = 10.15;
				MARKETING_VERSION = 1.0.0;
				PRODUCT_BUNDLE_IDENTIFIER = com.mainasuk.ImageReader;
				PRODUCT_NAME = "$(TARGET_NAME)";
				SWIFT_VERSION = 5.0;
			};
			name = Preview;
		};
		DBF25DC92476D5730008300C /* Debug */ = {
			isa = XCBuildConfiguration;
			buildSettings = {
				CLANG_ENABLE_MODULES = YES;
				CODE_SIGN_STYLE = Automatic;
				COMBINE_HIDPI_IMAGES = YES;
				DEVELOPMENT_TEAM = A8K92XFF77;
				INFOPLIST_FILE = Tessdata/Info.plist;
				INSTALL_PATH = "$(LOCAL_LIBRARY_DIR)/Bundles";
				LD_RUNPATH_SEARCH_PATHS = (
					"$(inherited)",
					"@executable_path/../Frameworks",
					"@loader_path/../Frameworks",
				);
				PRODUCT_BUNDLE_IDENTIFIER = com.mainasuk.Tessdata;
				PRODUCT_NAME = "$(TARGET_NAME)";
				SKIP_INSTALL = YES;
				SWIFT_OPTIMIZATION_LEVEL = "-Onone";
				SWIFT_VERSION = 5.0;
				WRAPPER_EXTENSION = bundle;
			};
			name = Debug;
		};
		DBF25DCA2476D5730008300C /* Preview */ = {
			isa = XCBuildConfiguration;
			buildSettings = {
				CLANG_ENABLE_MODULES = YES;
				CODE_SIGN_STYLE = Automatic;
				COMBINE_HIDPI_IMAGES = YES;
				DEVELOPMENT_TEAM = A8K92XFF77;
				INFOPLIST_FILE = Tessdata/Info.plist;
				INSTALL_PATH = "$(LOCAL_LIBRARY_DIR)/Bundles";
				LD_RUNPATH_SEARCH_PATHS = (
					"$(inherited)",
					"@executable_path/../Frameworks",
					"@loader_path/../Frameworks",
				);
				PRODUCT_BUNDLE_IDENTIFIER = com.mainasuk.Tessdata;
				PRODUCT_NAME = "$(TARGET_NAME)";
				SKIP_INSTALL = YES;
				SWIFT_OPTIMIZATION_LEVEL = "-Onone";
				SWIFT_VERSION = 5.0;
				WRAPPER_EXTENSION = bundle;
			};
			name = Preview;
		};
		DBF25DCB2476D5730008300C /* Release */ = {
			isa = XCBuildConfiguration;
			buildSettings = {
				CLANG_ENABLE_MODULES = YES;
				CODE_SIGN_STYLE = Automatic;
				COMBINE_HIDPI_IMAGES = YES;
				DEVELOPMENT_TEAM = A8K92XFF77;
				INFOPLIST_FILE = Tessdata/Info.plist;
				INSTALL_PATH = "$(LOCAL_LIBRARY_DIR)/Bundles";
				LD_RUNPATH_SEARCH_PATHS = (
					"$(inherited)",
					"@executable_path/../Frameworks",
					"@loader_path/../Frameworks",
				);
				PRODUCT_BUNDLE_IDENTIFIER = com.mainasuk.Tessdata;
				PRODUCT_NAME = "$(TARGET_NAME)";
				SKIP_INSTALL = YES;
				SWIFT_VERSION = 5.0;
				WRAPPER_EXTENSION = bundle;
			};
			name = Release;
		};
/* End XCBuildConfiguration section */

/* Begin XCConfigurationList section */
		DB34AE8F246AE75A00C9D3CF /* Build configuration list for PBXProject "ImageReader" */ = {
			isa = XCConfigurationList;
			buildConfigurations = (
				DB34AEA5246AE75D00C9D3CF /* Debug */,
				DB710F78246F5F950061EF2C /* Preview */,
				DB34AEA6246AE75D00C9D3CF /* Release */,
			);
			defaultConfigurationIsVisible = 0;
			defaultConfigurationName = Release;
		};
		DB34AEA7246AE75D00C9D3CF /* Build configuration list for PBXNativeTarget "ImageReader" */ = {
			isa = XCConfigurationList;
			buildConfigurations = (
				DB34AEA8246AE75D00C9D3CF /* Debug */,
				DB710F79246F5F950061EF2C /* Preview */,
				DB34AEA9246AE75D00C9D3CF /* Release */,
			);
			defaultConfigurationIsVisible = 0;
			defaultConfigurationName = Release;
		};
		DBF25DCC2476D5730008300C /* Build configuration list for PBXNativeTarget "Tessdata" */ = {
			isa = XCConfigurationList;
			buildConfigurations = (
				DBF25DC92476D5730008300C /* Debug */,
				DBF25DCA2476D5730008300C /* Preview */,
				DBF25DCB2476D5730008300C /* Release */,
			);
			defaultConfigurationIsVisible = 0;
			defaultConfigurationName = Release;
		};
/* End XCConfigurationList section */

/* Begin XCRemoteSwiftPackageReference section */
		DB34AEAA246AF18500C9D3CF /* XCRemoteSwiftPackageReference "CommonOSLog" */ = {
			isa = XCRemoteSwiftPackageReference;
			repositoryURL = "https://github.com/MainasuK/CommonOSLog.git";
			requirement = {
				kind = upToNextMajorVersion;
				minimumVersion = 0.1.0;
			};
		};
		DB372ED124719C0C00E24890 /* XCRemoteSwiftPackageReference "SwiftTesseract" */ = {
			isa = XCRemoteSwiftPackageReference;
			repositoryURL = "https://github.com/MainasuK/SwiftTesseract.git";
			requirement = {
				kind = upToNextMajorVersion;
				minimumVersion = 0.1.0;
			};
		};
/* End XCRemoteSwiftPackageReference section */

/* Begin XCSwiftPackageProductDependency section */
		DB34AEB4246AF5A400C9D3CF /* CommonOSLogDynamic */ = {
			isa = XCSwiftPackageProductDependency;
			package = DB34AEAA246AF18500C9D3CF /* XCRemoteSwiftPackageReference "CommonOSLog" */;
			productName = CommonOSLogDynamic;
		};
		DB372EE12471AB8900E24890 /* SwiftTesseract */ = {
			isa = XCSwiftPackageProductDependency;
			productName = SwiftTesseract;
		};
/* End XCSwiftPackageProductDependency section */
	};
	rootObject = DB34AE8C246AE75A00C9D3CF /* Project object */;
}
